
Microsoft Visual Studio Solution File, Format Version 12.00
# Visual Studio Version 17
VisualStudioVersion = 17.6.33815.320
MinimumVisualStudioVersion = 10.0.40219.1
Project("{FAE04EC0-301F-11D3-BF4B-00C04F79EFBC}") = "Dev-bloggr.Web", "Dev-bloggr.Web\Dev-bloggr.Web.csproj", "{4A72D66B-7415-4241-A773-FA290FDA3C0C}"
EndProject
Project("{FAE04EC0-301F-11D3-BF4B-00C04F79EFBC}") = "Dev-bloggr.DataAccess", "Dev-bloggr.DataAccess\Dev-bloggr.DataAccess.csproj", "{F3512CB3-01E1-44C5-BE9B-707FAE4DFF0D}"
EndProject
Project("{FAE04EC0-301F-11D3-BF4B-00C04F79EFBC}") = "Dev-bloggr.Models", "Dev-bloggr.Models\Dev-bloggr.Models.csproj", "{BAC2EE1B-60FA-4629-9651-5CBE80E7872D}"
EndProject
Project("{FAE04EC0-301F-11D3-BF4B-00C04F79EFBC}") = "Dev-bloggr.Utility", "Dev-bloggr.Utility\Dev-bloggr.Utility.csproj", "{FE753C67-95C5-476A-8035-B6E1AFE3AB40}"
EndProject
Global
	GlobalSection(SolutionConfigurationPlatforms) = preSolution
		Debug|Any CPU = Debug|Any CPU
		Release|Any CPU = Release|Any CPU
	EndGlobalSection
	GlobalSection(ProjectConfigurationPlatforms) = postSolution
		{4A72D66B-7415-4241-A773-FA290FDA3C0C}.Debug|Any CPU.ActiveCfg = Debug|Any CPU
		{4A72D66B-7415-4241-A773-FA290FDA3C0C}.Debug|Any CPU.Build.0 = Debug|Any CPU
		{4A72D66B-7415-4241-A773-FA290FDA3C0C}.Release|Any CPU.ActiveCfg = Release|Any CPU
		{4A72D66B-7415-4241-A773-FA290FDA3C0C}.Release|Any CPU.Build.0 = Release|Any CPU
		{F3512CB3-01E1-44C5-BE9B-707FAE4DFF0D}.Debug|Any CPU.ActiveCfg = Debug|Any CPU
		{F3512CB3-01E1-44C5-BE9B-707FAE4DFF0D}.Debug|Any CPU.Build.0 = Debug|Any CPU
		{F3512CB3-01E1-44C5-BE9B-707FAE4DFF0D}.Release|Any CPU.ActiveCfg = Release|Any CPU
		{F3512CB3-01E1-44C5-BE9B-707FAE4DFF0D}.Release|Any CPU.Build.0 = Release|Any CPU
		{BAC2EE1B-60FA-4629-9651-5CBE80E7872D}.Debug|Any CPU.ActiveCfg = Debug|Any CPU
		{BAC2EE1B-60FA-4629-9651-5CBE80E7872D}.Debug|Any CPU.Build.0 = Debug|Any CPU
		{BAC2EE1B-60FA-4629-9651-5CBE80E7872D}.Release|Any CPU.ActiveCfg = Release|Any CPU
		{BAC2EE1B-60FA-4629-9651-5CBE80E7872D}.Release|Any CPU.Build.0 = Release|Any CPU
		{FE753C67-95C5-476A-8035-B6E1AFE3AB40}.Debug|Any CPU.ActiveCfg = Debug|Any CPU
		{FE753C67-95C5-476A-8035-B6E1AFE3AB40}.Debug|Any CPU.Build.0 = Debug|Any CPU
		{FE753C67-95C5-476A-8035-B6E1AFE3AB40}.Release|Any CPU.ActiveCfg = Release|Any CPU
		{FE753C67-95C5-476A-8035-B6E1AFE3AB40}.Release|Any CPU.Build.0 = Release|Any CPU
	EndGlobalSection
	GlobalSection(SolutionProperties) = preSolution
		HideSolutionNode = FALSE
	EndGlobalSection
	GlobalSection(ExtensibilityGlobals) = postSolution
		SolutionGuid = {36B9BD82-FA45-4073-8F14-E68DBF2B421A}
	EndGlobalSection
EndGlobal
